
Microsoft Visual Studio Solution File, Format Version 12.00
# Visual Studio Version 17
VisualStudioVersion = 17.7.34009.444
MinimumVisualStudioVersion = 10.0.40219.1
Project("{FAE04EC0-301F-11D3-BF4B-00C04F79EFBC}") = "IgfxHelper", "IgfxHelper\IgfxHelper.csproj", "{F204434B-166B-4364-A9AD-1A0C6AF604BD}"
EndProject
Global
	GlobalSection(SolutionConfigurationPlatforms) = preSolution
		Debug|Any CPU = Debug|Any CPU
		Release|Any CPU = Release|Any CPU
	EndGlobalSection
	GlobalSection(ProjectConfigurationPlatforms) = postSolution
		{F204434B-166B-4364-A9AD-1A0C6AF604BD}.Debug|Any CPU.ActiveCfg = Debug|Any CPU
		{F204434B-166B-4364-A9AD-1A0C6AF604BD}.Debug|Any CPU.Build.0 = Debug|Any CPU
		{F204434B-166B-4364-A9AD-1A0C6AF604BD}.Release|Any CPU.ActiveCfg = Release|Any CPU
		{F204434B-166B-4364-A9AD-1A0C6AF604BD}.Release|Any CPU.Build.0 = Release|Any CPU
	EndGlobalSection
	GlobalSection(SolutionProperties) = preSolution
		HideSolutionNode = FALSE
	EndGlobalSection
	GlobalSection(ExtensibilityGlobals) = postSolution
		SolutionGuid = {6D058E47-C742-4F3C-817C-9AF89F57606F}
	EndGlobalSection
EndGlobal
